{
  "pins" : [
    {
      "identity" : "shaderkit",
      "kind" : "remoteSourceControl",
      "location" : "https://github.com/Npikielny/ShaderKit.git",
      "state" : {
        "branch" : "main",
        "revision" : "c542f61ce3b8cb3a9f0b5395288c7696e336d557"
      }
    }
  ],
  "version" : 2
}
