{
  "pins" : [
    {
      "identity" : "shaderkit",
      "kind" : "remoteSourceControl",
      "location" : "https://github.com/Npikielny/ShaderKit.git",
      "state" : {
        "branch" : "main",
        "revision" : "a70edfc7f6b9a41c1944075e6bc4ee125b50d006"
      }
    }
  ],
  "version" : 2
}
